// !$*UTF8*$!
{
	archiveVersion = 1;
	classes = {
	};
	objectVersion = 50;
	objects = {

/* Begin PBXBuildFile section */
		BBA2135222B91C7E001119E4 /* AppDelegate.swift in Sources */ = {isa = PBXBuildFile; fileRef = BBA2135122B91C7E001119E4 /* AppDelegate.swift */; };
		BBA2135422B91C7E001119E4 /* ViewController.swift in Sources */ = {isa = PBXBuildFile; fileRef = BBA2135322B91C7E001119E4 /* ViewController.swift */; };
		BBA2135722B91C7E001119E4 /* Main.storyboard in Resources */ = {isa = PBXBuildFile; fileRef = BBA2135522B91C7E001119E4 /* Main.storyboard */; };
		BBA2135922B91C80001119E4 /* Assets.xcassets in Resources */ = {isa = PBXBuildFile; fileRef = BBA2135822B91C80001119E4 /* Assets.xcassets */; };
		BBA2135C22B91C80001119E4 /* LaunchScreen.storyboard in Resources */ = {isa = PBXBuildFile; fileRef = BBA2135A22B91C80001119E4 /* LaunchScreen.storyboard */; };
		BBA2136822B92B52001119E4 /* DogAPI.swift in Sources */ = {isa = PBXBuildFile; fileRef = BBA2136722B92B52001119E4 /* DogAPI.swift */; };
		BBA2136A22B93B80001119E4 /* DogImage.swift in Sources */ = {isa = PBXBuildFile; fileRef = BBA2136922B93B80001119E4 /* DogImage.swift */; };
		BBA6928622B9DD0700AF1C42 /* BreedsList.swift in Sources */ = {isa = PBXBuildFile; fileRef = BBA6928522B9DD0700AF1C42 /* BreedsList.swift */; };
/* End PBXBuildFile section */

/* Begin PBXFileReference section */
		BBA2134E22B91C7E001119E4 /* RandomDog.app */ = {isa = PBXFileReference; explicitFileType = wrapper.application; includeInIndex = 0; path = RandomDog.app; sourceTree = BUILT_PRODUCTS_DIR; };
		BBA2135122B91C7E001119E4 /* AppDelegate.swift */ = {isa = PBXFileReference; lastKnownFileType = sourcecode.swift; path = AppDelegate.swift; sourceTree = "<group>"; };
		BBA2135322B91C7E001119E4 /* ViewController.swift */ = {isa = PBXFileReference; lastKnownFileType = sourcecode.swift; path = ViewController.swift; sourceTree = "<group>"; };
		BBA2135622B91C7E001119E4 /* Base */ = {isa = PBXFileReference; lastKnownFileType = file.storyboard; name = Base; path = Base.lproj/Main.storyboard; sourceTree = "<group>"; };
		BBA2135822B91C80001119E4 /* Assets.xcassets */ = {isa = PBXFileReference; lastKnownFileType = folder.assetcatalog; path = Assets.xcassets; sourceTree = "<group>"; };
		BBA2135B22B91C80001119E4 /* Base */ = {isa = PBXFileReference; lastKnownFileType = file.storyboard; name = Base; path = Base.lproj/LaunchScreen.storyboard; sourceTree = "<group>"; };
		BBA2135D22B91C80001119E4 /* Info.plist */ = {isa = PBXFileReference; lastKnownFileType = text.plist.xml; path = Info.plist; sourceTree = "<group>"; };
		BBA2136722B92B52001119E4 /* DogAPI.swift */ = {isa = PBXFileReference; lastKnownFileType = sourcecode.swift; path = DogAPI.swift; sourceTree = "<group>"; };
		BBA2136922B93B80001119E4 /* DogImage.swift */ = {isa = PBXFileReference; lastKnownFileType = sourcecode.swift; path = DogImage.swift; sourceTree = "<group>"; };
		BBA6928522B9DD0700AF1C42 /* BreedsList.swift */ = {isa = PBXFileReference; lastKnownFileType = sourcecode.swift; path = BreedsList.swift; sourceTree = "<group>"; };
/* End PBXFileReference section */

/* Begin PBXFrameworksBuildPhase section */
		BBA2134B22B91C7E001119E4 /* Frameworks */ = {
			isa = PBXFrameworksBuildPhase;
			buildActionMask = 2147483647;
			files = (
			);
			runOnlyForDeploymentPostprocessing = 0;
		};
/* End PBXFrameworksBuildPhase section */

/* Begin PBXGroup section */
		BBA2134522B91C7E001119E4 = {
			isa = PBXGroup;
			children = (
				BBA2135022B91C7E001119E4 /* RandomDog */,
				BBA2135D22B91C80001119E4 /* Info.plist */,
				BBA2134F22B91C7E001119E4 /* Products */,
			);
			sourceTree = "<group>";
		};
		BBA2134F22B91C7E001119E4 /* Products */ = {
			isa = PBXGroup;
			children = (
				BBA2134E22B91C7E001119E4 /* RandomDog.app */,
			);
			name = Products;
			sourceTree = "<group>";
		};
		BBA2135022B91C7E001119E4 /* RandomDog */ = {
			isa = PBXGroup;
			children = (
				BBA2136622B92B31001119E4 /* Model */,
				BBA6928722B9DD4100AF1C42 /* Services */,
				BBA2136422B9295B001119E4 /* Controller */,
				BBA2136322B92948001119E4 /* View */,
				BBA2136522B92971001119E4 /* Supporting Files */,
			);
			path = RandomDog;
			sourceTree = "<group>";
		};
		BBA2136322B92948001119E4 /* View */ = {
			isa = PBXGroup;
			children = (
				BBA2135522B91C7E001119E4 /* Main.storyboard */,
			);
			path = View;
			sourceTree = "<group>";
		};
		BBA2136422B9295B001119E4 /* Controller */ = {
			isa = PBXGroup;
			children = (
				BBA2135322B91C7E001119E4 /* ViewController.swift */,
			);
			path = Controller;
			sourceTree = "<group>";
		};
		BBA2136522B92971001119E4 /* Supporting Files */ = {
			isa = PBXGroup;
			children = (
				BBA2135122B91C7E001119E4 /* AppDelegate.swift */,
				BBA2135822B91C80001119E4 /* Assets.xcassets */,
				BBA2135A22B91C80001119E4 /* LaunchScreen.storyboard */,
			);
			path = "Supporting Files";
			sourceTree = "<group>";
		};
		BBA2136622B92B31001119E4 /* Model */ = {
			isa = PBXGroup;
			children = (
				BBA2136922B93B80001119E4 /* DogImage.swift */,
				BBA6928522B9DD0700AF1C42 /* BreedsList.swift */,
			);
			path = Model;
			sourceTree = "<group>";
		};
		BBA6928722B9DD4100AF1C42 /* Services */ = {
			isa = PBXGroup;
			children = (
				BBA2136722B92B52001119E4 /* DogAPI.swift */,
			);
			path = Services;
			sourceTree = "<group>";
		};
/* End PBXGroup section */

/* Begin PBXNativeTarget section */
		BBA2134D22B91C7E001119E4 /* RandomDog */ = {
			isa = PBXNativeTarget;
			buildConfigurationList = BBA2136022B91C80001119E4 /* Build configuration list for PBXNativeTarget "RandomDog" */;
			buildPhases = (
				BBA2134A22B91C7E001119E4 /* Sources */,
				BBA2134B22B91C7E001119E4 /* Frameworks */,
				BBA2134C22B91C7E001119E4 /* Resources */,
			);
			buildRules = (
			);
			dependencies = (
			);
			name = RandomDog;
			productName = RandomDog;
			productReference = BBA2134E22B91C7E001119E4 /* RandomDog.app */;
			productType = "com.apple.product-type.application";
		};
/* End PBXNativeTarget section */

/* Begin PBXProject section */
		BBA2134622B91C7E001119E4 /* Project object */ = {
			isa = PBXProject;
			attributes = {
				LastSwiftUpdateCheck = 1020;
				LastUpgradeCheck = 1020;
				ORGANIZATIONNAME = "Abdallah Eid";
				TargetAttributes = {
					BBA2134D22B91C7E001119E4 = {
						CreatedOnToolsVersion = 10.2.1;
					};
				};
			};
			buildConfigurationList = BBA2134922B91C7E001119E4 /* Build configuration list for PBXProject "RandomDog" */;
			compatibilityVersion = "Xcode 9.3";
			developmentRegion = en;
			hasScannedForEncodings = 0;
			knownRegions = (
				en,
				Base,
			);
			mainGroup = BBA2134522B91C7E001119E4;
			productRefGroup = BBA2134F22B91C7E001119E4 /* Products */;
			projectDirPath = "";
			projectRoot = "";
			targets = (
				BBA2134D22B91C7E001119E4 /* RandomDog */,
			);
		};
/* End PBXProject section */

/* Begin PBXResourcesBuildPhase section */
		BBA2134C22B91C7E001119E4 /* Resources */ = {
			isa = PBXResourcesBuildPhase;
			buildActionMask = 2147483647;
			files = (
				BBA2135C22B91C80001119E4 /* LaunchScreen.storyboard in Resources */,
				BBA2135922B91C80001119E4 /* Assets.xcassets in Resources */,
				BBA2135722B91C7E001119E4 /* Main.storyboard in Resources */,
			);
			runOnlyForDeploymentPostprocessing = 0;
		};
/* End PBXResourcesBuildPhase section */

/* Begin PBXSourcesBuildPhase section */
		BBA2134A22B91C7E001119E4 /* Sources */ = {
			isa = PBXSourcesBuildPhase;
			buildActionMask = 2147483647;
			files = (
				BBA6928622B9DD0700AF1C42 /* BreedsList.swift in Sources */,
				BBA2135422B91C7E001119E4 /* ViewController.swift in Sources */,
				BBA2135222B91C7E001119E4 /* AppDelegate.swift in Sources */,
				BBA2136A22B93B80001119E4 /* DogImage.swift in Sources */,
				BBA2136822B92B52001119E4 /* DogAPI.swift in Sources */,
			);
			runOnlyForDeploymentPostprocessing = 0;
		};
/* End PBXSourcesBuildPhase section */

/* Begin PBXVariantGroup section */
		BBA2135522B91C7E001119E4 /* Main.storyboard */ = {
			isa = PBXVariantGroup;
			children = (
				BBA2135622B91C7E001119E4 /* Base */,
			);
			name = Main.storyboard;
			sourceTree = "<group>";
		};
		BBA2135A22B91C80001119E4 /* LaunchScreen.storyboard */ = {
			isa = PBXVariantGroup;
			children = (
				BBA2135B22B91C80001119E4 /* Base */,
			);
			name = LaunchScreen.storyboard;
			sourceTree = "<group>";
		};
/* End PBXVariantGroup section */

/* Begin XCBuildConfiguration section */
		BBA2135E22B91C80001119E4 /* Debug */ = {
			isa = XCBuildConfiguration;
			buildSettings = {
				ALWAYS_SEARCH_USER_PATHS = NO;
				CLANG_ANALYZER_NONNULL = YES;
				CLANG_ANALYZER_NUMBER_OBJECT_CONVERSION = YES_AGGRESSIVE;
				CLANG_CXX_LANGUAGE_STANDARD = "gnu++14";
				CLANG_CXX_LIBRARY = "libc++";
				CLANG_ENABLE_MODULES = YES;
				CLANG_ENABLE_OBJC_ARC = YES;
				CLANG_ENABLE_OBJC_WEAK = YES;
				CLANG_WARN_BLOCK_CAPTURE_AUTORELEASING = YES;
				CLANG_WARN_BOOL_CONVERSION = YES;
				CLANG_WARN_COMMA = YES;
				CLANG_WARN_CONSTANT_CONVERSION = YES;
				CLANG_WARN_DEPRECATED_OBJC_IMPLEMENTATIONS = YES;
				CLANG_WARN_DIRECT_OBJC_ISA_USAGE = YES_ERROR;
				CLANG_WARN_DOCUMENTATION_COMMENTS = YES;
				CLANG_WARN_EMPTY_BODY = YES;
				CLANG_WARN_ENUM_CONVERSION = YES;
				CLANG_WARN_INFINITE_RECURSION = YES;
				CLANG_WARN_INT_CONVERSION = YES;
				CLANG_WARN_NON_LITERAL_NULL_CONVERSION = YES;
				CLANG_WARN_OBJC_IMPLICIT_RETAIN_SELF = YES;
				CLANG_WARN_OBJC_LITERAL_CONVERSION = YES;
				CLANG_WARN_OBJC_ROOT_CLASS = YES_ERROR;
				CLANG_WARN_RANGE_LOOP_ANALYSIS = YES;
				CLANG_WARN_STRICT_PROTOTYPES = YES;
				CLANG_WARN_SUSPICIOUS_MOVE = YES;
				CLANG_WARN_UNGUARDED_AVAILABILITY = YES_AGGRESSIVE;
				CLANG_WARN_UNREACHABLE_CODE = YES;
				CLANG_WARN__DUPLICATE_METHOD_MATCH = YES;
				CODE_SIGN_IDENTITY = "iPhone Developer";
				COPY_PHASE_STRIP = NO;
				DEBUG_INFORMATION_FORMAT = dwarf;
				ENABLE_STRICT_OBJC_MSGSEND = YES;
				ENABLE_TESTABILITY = YES;
				GCC_C_LANGUAGE_STANDARD = gnu11;
				GCC_DYNAMIC_NO_PIC = NO;
				GCC_NO_COMMON_BLOCKS = YES;
				GCC_OPTIMIZATION_LEVEL = 0;
				GCC_PREPROCESSOR_DEFINITIONS = (
					"DEBUG=1",
					"$(inherited)",
				);
				GCC_WARN_64_TO_32_BIT_CONVERSION = YES;
				GCC_WARN_ABOUT_RETURN_TYPE = YES_ERROR;
				GCC_WARN_UNDECLARED_SELECTOR = YES;
				GCC_WARN_UNINITIALIZED_AUTOS = YES_AGGRESSIVE;
				GCC_WARN_UNUSED_FUNCTION = YES;
				GCC_WARN_UNUSED_VARIABLE = YES;
				IPHONEOS_DEPLOYMENT_TARGET = 12.2;
				MTL_ENABLE_DEBUG_INFO = INCLUDE_SOURCE;
				MTL_FAST_MATH = YES;
				ONLY_ACTIVE_ARCH = YES;
				SDKROOT = iphoneos;
				SWIFT_ACTIVE_COMPILATION_CONDITIONS = DEBUG;
				SWIFT_OPTIMIZATION_LEVEL = "-Onone";
			};
			name = Debug;
		};
		BBA2135F22B91C80001119E4 /* Release */ = {
			isa = XCBuildConfiguration;
			buildSettings = {
				ALWAYS_SEARCH_USER_PATHS = NO;
				CLANG_ANALYZER_NONNULL = YES;
				CLANG_ANALYZER_NUMBER_OBJECT_CONVERSION = YES_AGGRESSIVE;
				CLANG_CXX_LANGUAGE_STANDARD = "gnu++14";
				CLANG_CXX_LIBRARY = "libc++";
				CLANG_ENABLE_MODULES = YES;
				CLANG_ENABLE_OBJC_ARC = YES;
				CLANG_ENABLE_OBJC_WEAK = YES;
				CLANG_WARN_BLOCK_CAPTURE_AUTORELEASING = YES;
				CLANG_WARN_BOOL_CONVERSION = YES;
				CLANG_WARN_COMMA = YES;
				CLANG_WARN_CONSTANT_CONVERSION = YES;
				CLANG_WARN_DEPRECATED_OBJC_IMPLEMENTATIONS = YES;
				CLANG_WARN_DIRECT_OBJC_ISA_USAGE = YES_ERROR;
				CLANG_WARN_DOCUMENTATION_COMMENTS = YES;
				CLANG_WARN_EMPTY_BODY = YES;
				CLANG_WARN_ENUM_CONVERSION = YES;
				CLANG_WARN_INFINITE_RECURSION = YES;
				CLANG_WARN_INT_CONVERSION = YES;
				CLANG_WARN_NON_LITERAL_NULL_CONVERSION = YES;
				CLANG_WARN_OBJC_IMPLICIT_RETAIN_SELF = YES;
				CLANG_WARN_OBJC_LITERAL_CONVERSION = YES;
				CLANG_WARN_OBJC_ROOT_CLASS = YES_ERROR;
				CLANG_WARN_RANGE_LOOP_ANALYSIS = YES;
				CLANG_WARN_STRICT_PROTOTYPES = YES;
				CLANG_WARN_SUSPICIOUS_MOVE = YES;
				CLANG_WARN_UNGUARDED_AVAILABILITY = YES_AGGRESSIVE;
				CLANG_WARN_UNREACHABLE_CODE = YES;
				CLANG_WARN__DUPLICATE_METHOD_MATCH = YES;
				CODE_SIGN_IDENTITY = "iPhone Developer";
				COPY_PHASE_STRIP = NO;
				DEBUG_INFORMATION_FORMAT = "dwarf-with-dsym";
				ENABLE_NS_ASSERTIONS = NO;
				ENABLE_STRICT_OBJC_MSGSEND = YES;
				GCC_C_LANGUAGE_STANDARD = gnu11;
				GCC_NO_COMMON_BLOCKS = YES;
				GCC_WARN_64_TO_32_BIT_CONVERSION = YES;
				GCC_WARN_ABOUT_RETURN_TYPE = YES_ERROR;
				GCC_WARN_UNDECLARED_SELECTOR = YES;
				GCC_WARN_UNINITIALIZED_AUTOS = YES_AGGRESSIVE;
				GCC_WARN_UNUSED_FUNCTION = YES;
				GCC_WARN_UNUSED_VARIABLE = YES;
				IPHONEOS_DEPLOYMENT_TARGET = 12.2;
				MTL_ENABLE_DEBUG_INFO = NO;
				MTL_FAST_MATH = YES;
				SDKROOT = iphoneos;
				SWIFT_COMPILATION_MODE = wholemodule;
				SWIFT_OPTIMIZATION_LEVEL = "-O";
				VALIDATE_PRODUCT = YES;
			};
			name = Release;
		};
		BBA2136122B91C80001119E4 /* Debug */ = {
			isa = XCBuildConfiguration;
			buildSettings = {
				ASSETCATALOG_COMPILER_APPICON_NAME = AppIcon;
				CODE_SIGN_STYLE = Automatic;
				DEVELOPMENT_TEAM = J8ZC4836EX;
				INFOPLIST_FILE = "$(SRCROOT)/Info.plist";
				LD_RUNPATH_SEARCH_PATHS = (
					"$(inherited)",
					"@executable_path/Frameworks",
				);
				PRODUCT_BUNDLE_IDENTIFIER = abdallah.RandomDog;
				PRODUCT_NAME = "$(TARGET_NAME)";
				SWIFT_VERSION = 5.0;
				TARGETED_DEVICE_FAMILY = "1,2";
			};
			name = Debug;
		};
		BBA2136222B91C80001119E4 /* Release */ = {
			isa = XCBuildConfiguration;
			buildSettings = {
				ASSETCATALOG_COMPILER_APPICON_NAME = AppIcon;
				CODE_SIGN_STYLE = Automatic;
				DEVELOPMENT_TEAM = J8ZC4836EX;
				INFOPLIST_FILE = "$(SRCROOT)/Info.plist";
				LD_RUNPATH_SEARCH_PATHS = (
					"$(inherited)",
					"@executable_path/Frameworks",
				);
				PRODUCT_BUNDLE_IDENTIFIER = abdallah.RandomDog;
				PRODUCT_NAME = "$(TARGET_NAME)";
				SWIFT_VERSION = 5.0;
				TARGETED_DEVICE_FAMILY = "1,2";
			};
			name = Release;
		};
/* End XCBuildConfiguration section */

/* Begin XCConfigurationList section */
		BBA2134922B91C7E001119E4 /* Build configuration list for PBXProject "RandomDog" */ = {
			isa = XCConfigurationList;
			buildConfigurations = (
				BBA2135E22B91C80001119E4 /* Debug */,
				BBA2135F22B91C80001119E4 /* Release */,
			);
			defaultConfigurationIsVisible = 0;
			defaultConfigurationName = Release;
		};
		BBA2136022B91C80001119E4 /* Build configuration list for PBXNativeTarget "RandomDog" */ = {
			isa = XCConfigurationList;
			buildConfigurations = (
				BBA2136122B91C80001119E4 /* Debug */,
				BBA2136222B91C80001119E4 /* Release */,
			);
			defaultConfigurationIsVisible = 0;
			defaultConfigurationName = Release;
		};
/* End XCConfigurationList section */
	};
	rootObject = BBA2134622B91C7E001119E4 /* Project object */;
}
